
Microsoft Visual Studio Solution File, Format Version 12.00
# Visual Studio Version 17
VisualStudioVersion = 17.2.32519.379
MinimumVisualStudioVersion = 10.0.40219.1
Project("{FAE04EC0-301F-11D3-BF4B-00C04F79EFBC}") = "card jigsaw puzzle", "card jigsaw puzzle.csproj", "{2FA3A48C-80CD-4266-92B3-9C2E885AAB76}"
EndProject
Global
	GlobalSection(SolutionConfigurationPlatforms) = preSolution
		Debug|Any CPU = Debug|Any CPU
		Release|Any CPU = Release|Any CPU
	EndGlobalSection
	GlobalSection(ProjectConfigurationPlatforms) = postSolution
		{2FA3A48C-80CD-4266-92B3-9C2E885AAB76}.Debug|Any CPU.ActiveCfg = Debug|Any CPU
		{2FA3A48C-80CD-4266-92B3-9C2E885AAB76}.Debug|Any CPU.Build.0 = Debug|Any CPU
		{2FA3A48C-80CD-4266-92B3-9C2E885AAB76}.Release|Any CPU.ActiveCfg = Release|Any CPU
		{2FA3A48C-80CD-4266-92B3-9C2E885AAB76}.Release|Any CPU.Build.0 = Release|Any CPU
	EndGlobalSection
	GlobalSection(SolutionProperties) = preSolution
		HideSolutionNode = FALSE
	EndGlobalSection
	GlobalSection(ExtensibilityGlobals) = postSolution
		SolutionGuid = {8EA61591-7EC5-4EDD-9AD6-A18C08A3E6E5}
	EndGlobalSection
EndGlobal
